
Microsoft Visual Studio Solution File, Format Version 12.00
# Visual Studio Version 16
VisualStudioVersion = 16.0.31019.35
MinimumVisualStudioVersion = 10.0.40219.1
Project("{2150E333-8FDC-42A3-9474-1A3956D46DE8}") = "src", "src", "{A31523E8-61B8-41AB-BCC4-64A5B9764571}"
EndProject
Project("{2150E333-8FDC-42A3-9474-1A3956D46DE8}") = "test", "test", "{6619B3D9-EFAA-4B07-960B-532E5895EC20}"
EndProject
Project("{2150E333-8FDC-42A3-9474-1A3956D46DE8}") = "UI", "UI", "{B44108FE-EF3A-469D-93B1-704FCA3914E9}"
EndProject
Project("{2150E333-8FDC-42A3-9474-1A3956D46DE8}") = "API", "API", "{2CB3060C-3AC9-4A03-9EDC-05BB7C1FAAE4}"
EndProject
Project("{2150E333-8FDC-42A3-9474-1A3956D46DE8}") = "Core", "Core", "{CDFCB185-B40F-4290-9024-C121442C0E51}"
EndProject
Project("{2150E333-8FDC-42A3-9474-1A3956D46DE8}") = "Infrastructure", "Infrastructure", "{C73F8662-FC8B-4ABE-B3E6-FE4D9E249F55}"
EndProject
Project("{9A19103F-16F7-4668-BE54-9A1E7A4F7556}") = "Surzor.Domain", "Surzor.Domain\Surzor.Domain.csproj", "{F787AAAC-0E8E-4FD2-B8C8-B87474812336}"
EndProject
Project("{9A19103F-16F7-4668-BE54-9A1E7A4F7556}") = "Surzor.Application", "Surzor.Application\Surzor.Application.csproj", "{2894FBAD-8E6F-4107-ADF9-322F37346E7E}"
EndProject
Project("{9A19103F-16F7-4668-BE54-9A1E7A4F7556}") = "Surzor.Persistence", "Surzor.Persistence\Surzor.Persistence.csproj", "{833FDF09-D1E5-4C64-B17A-5A236EB2A411}"
EndProject
Project("{9A19103F-16F7-4668-BE54-9A1E7A4F7556}") = "Surzor.Infrastructure", "Surzor.Infrastructure\Surzor.Infrastructure.csproj", "{009A7A37-86CA-4129-A7C0-4512B0A01767}"
EndProject
Project("{9A19103F-16F7-4668-BE54-9A1E7A4F7556}") = "Surzor.Api", "Surzor.Api\Surzor.Api.csproj", "{3718426F-9559-48EF-8EA7-84835E6E6356}"
EndProject
Project("{9A19103F-16F7-4668-BE54-9A1E7A4F7556}") = "Surzor.App", "Surzor.App\Surzor.App.csproj", "{585778B1-A092-4185-A2BC-CF95649832FF}"
EndProject
Project("{9A19103F-16F7-4668-BE54-9A1E7A4F7556}") = "Surzor.Identity", "Surzor.Identity\Surzor.Identity.csproj", "{3B361EA2-EEC1-481A-B9A8-A5B9F7F10467}"
EndProject
Global
	GlobalSection(SolutionConfigurationPlatforms) = preSolution
		Debug|Any CPU = Debug|Any CPU
		Release|Any CPU = Release|Any CPU
	EndGlobalSection
	GlobalSection(ProjectConfigurationPlatforms) = postSolution
		{F787AAAC-0E8E-4FD2-B8C8-B87474812336}.Debug|Any CPU.ActiveCfg = Debug|Any CPU
		{F787AAAC-0E8E-4FD2-B8C8-B87474812336}.Debug|Any CPU.Build.0 = Debug|Any CPU
		{F787AAAC-0E8E-4FD2-B8C8-B87474812336}.Release|Any CPU.ActiveCfg = Release|Any CPU
		{F787AAAC-0E8E-4FD2-B8C8-B87474812336}.Release|Any CPU.Build.0 = Release|Any CPU
		{2894FBAD-8E6F-4107-ADF9-322F37346E7E}.Debug|Any CPU.ActiveCfg = Debug|Any CPU
		{2894FBAD-8E6F-4107-ADF9-322F37346E7E}.Debug|Any CPU.Build.0 = Debug|Any CPU
		{2894FBAD-8E6F-4107-ADF9-322F37346E7E}.Release|Any CPU.ActiveCfg = Release|Any CPU
		{2894FBAD-8E6F-4107-ADF9-322F37346E7E}.Release|Any CPU.Build.0 = Release|Any CPU
		{833FDF09-D1E5-4C64-B17A-5A236EB2A411}.Debug|Any CPU.ActiveCfg = Debug|Any CPU
		{833FDF09-D1E5-4C64-B17A-5A236EB2A411}.Debug|Any CPU.Build.0 = Debug|Any CPU
		{833FDF09-D1E5-4C64-B17A-5A236EB2A411}.Release|Any CPU.ActiveCfg = Release|Any CPU
		{833FDF09-D1E5-4C64-B17A-5A236EB2A411}.Release|Any CPU.Build.0 = Release|Any CPU
		{009A7A37-86CA-4129-A7C0-4512B0A01767}.Debug|Any CPU.ActiveCfg = Debug|Any CPU
		{009A7A37-86CA-4129-A7C0-4512B0A01767}.Debug|Any CPU.Build.0 = Debug|Any CPU
		{009A7A37-86CA-4129-A7C0-4512B0A01767}.Release|Any CPU.ActiveCfg = Release|Any CPU
		{009A7A37-86CA-4129-A7C0-4512B0A01767}.Release|Any CPU.Build.0 = Release|Any CPU
		{3718426F-9559-48EF-8EA7-84835E6E6356}.Debug|Any CPU.ActiveCfg = Debug|Any CPU
		{3718426F-9559-48EF-8EA7-84835E6E6356}.Debug|Any CPU.Build.0 = Debug|Any CPU
		{3718426F-9559-48EF-8EA7-84835E6E6356}.Release|Any CPU.ActiveCfg = Release|Any CPU
		{3718426F-9559-48EF-8EA7-84835E6E6356}.Release|Any CPU.Build.0 = Release|Any CPU
		{585778B1-A092-4185-A2BC-CF95649832FF}.Debug|Any CPU.ActiveCfg = Debug|Any CPU
		{585778B1-A092-4185-A2BC-CF95649832FF}.Debug|Any CPU.Build.0 = Debug|Any CPU
		{585778B1-A092-4185-A2BC-CF95649832FF}.Release|Any CPU.ActiveCfg = Release|Any CPU
		{585778B1-A092-4185-A2BC-CF95649832FF}.Release|Any CPU.Build.0 = Release|Any CPU
		{3B361EA2-EEC1-481A-B9A8-A5B9F7F10467}.Debug|Any CPU.ActiveCfg = Debug|Any CPU
		{3B361EA2-EEC1-481A-B9A8-A5B9F7F10467}.Debug|Any CPU.Build.0 = Debug|Any CPU
		{3B361EA2-EEC1-481A-B9A8-A5B9F7F10467}.Release|Any CPU.ActiveCfg = Release|Any CPU
		{3B361EA2-EEC1-481A-B9A8-A5B9F7F10467}.Release|Any CPU.Build.0 = Release|Any CPU
	EndGlobalSection
	GlobalSection(SolutionProperties) = preSolution
		HideSolutionNode = FALSE
	EndGlobalSection
	GlobalSection(NestedProjects) = preSolution
		{B44108FE-EF3A-469D-93B1-704FCA3914E9} = {A31523E8-61B8-41AB-BCC4-64A5B9764571}
		{2CB3060C-3AC9-4A03-9EDC-05BB7C1FAAE4} = {A31523E8-61B8-41AB-BCC4-64A5B9764571}
		{CDFCB185-B40F-4290-9024-C121442C0E51} = {A31523E8-61B8-41AB-BCC4-64A5B9764571}
		{C73F8662-FC8B-4ABE-B3E6-FE4D9E249F55} = {A31523E8-61B8-41AB-BCC4-64A5B9764571}
		{F787AAAC-0E8E-4FD2-B8C8-B87474812336} = {CDFCB185-B40F-4290-9024-C121442C0E51}
		{2894FBAD-8E6F-4107-ADF9-322F37346E7E} = {CDFCB185-B40F-4290-9024-C121442C0E51}
		{833FDF09-D1E5-4C64-B17A-5A236EB2A411} = {C73F8662-FC8B-4ABE-B3E6-FE4D9E249F55}
		{009A7A37-86CA-4129-A7C0-4512B0A01767} = {C73F8662-FC8B-4ABE-B3E6-FE4D9E249F55}
		{3718426F-9559-48EF-8EA7-84835E6E6356} = {2CB3060C-3AC9-4A03-9EDC-05BB7C1FAAE4}
		{585778B1-A092-4185-A2BC-CF95649832FF} = {B44108FE-EF3A-469D-93B1-704FCA3914E9}
		{3B361EA2-EEC1-481A-B9A8-A5B9F7F10467} = {C73F8662-FC8B-4ABE-B3E6-FE4D9E249F55}
	EndGlobalSection
	GlobalSection(ExtensibilityGlobals) = postSolution
		SolutionGuid = {D3705488-D39D-4B67-A471-16D79847B077}
	EndGlobalSection
EndGlobal
